
Microsoft Visual Studio Solution File, Format Version 12.00
# Visual Studio Version 17
VisualStudioVersion = 17.0.31912.275
MinimumVisualStudioVersion = 10.0.40219.1
Project("{FAE04EC0-301F-11D3-BF4B-00C04F79EFBC}") = "zad1", "zad1\zad1.csproj", "{8B7C27EA-6D8E-4669-A6B5-B88A32B76D73}"
EndProject
Project("{FAE04EC0-301F-11D3-BF4B-00C04F79EFBC}") = "zad1klient", "zad1klient\zad1klient.csproj", "{888082E4-90B1-47F9-898F-EBDAFC936CC2}"
EndProject
Project("{FAE04EC0-301F-11D3-BF4B-00C04F79EFBC}") = "zad2", "zad2\zad2.csproj", "{AB5AFA02-E376-4B0A-8F81-59AFC487A9F7}"
EndProject
Project("{FAE04EC0-301F-11D3-BF4B-00C04F79EFBC}") = "zad3", "zad3\zad3.csproj", "{0300D5AF-EB47-4CD9-9B6A-62DF97D5D658}"
EndProject
Project("{FAE04EC0-301F-11D3-BF4B-00C04F79EFBC}") = "zad3klient", "zad3klient\zad3klient.csproj", "{5A817A0E-1490-4F56-B0D2-96D683BBB9AD}"
EndProject
Global
	GlobalSection(SolutionConfigurationPlatforms) = preSolution
		Debug|Any CPU = Debug|Any CPU
		Release|Any CPU = Release|Any CPU
	EndGlobalSection
	GlobalSection(ProjectConfigurationPlatforms) = postSolution
		{8B7C27EA-6D8E-4669-A6B5-B88A32B76D73}.Debug|Any CPU.ActiveCfg = Debug|Any CPU
		{8B7C27EA-6D8E-4669-A6B5-B88A32B76D73}.Debug|Any CPU.Build.0 = Debug|Any CPU
		{8B7C27EA-6D8E-4669-A6B5-B88A32B76D73}.Release|Any CPU.ActiveCfg = Release|Any CPU
		{8B7C27EA-6D8E-4669-A6B5-B88A32B76D73}.Release|Any CPU.Build.0 = Release|Any CPU
		{888082E4-90B1-47F9-898F-EBDAFC936CC2}.Debug|Any CPU.ActiveCfg = Debug|Any CPU
		{888082E4-90B1-47F9-898F-EBDAFC936CC2}.Debug|Any CPU.Build.0 = Debug|Any CPU
		{888082E4-90B1-47F9-898F-EBDAFC936CC2}.Release|Any CPU.ActiveCfg = Release|Any CPU
		{888082E4-90B1-47F9-898F-EBDAFC936CC2}.Release|Any CPU.Build.0 = Release|Any CPU
		{AB5AFA02-E376-4B0A-8F81-59AFC487A9F7}.Debug|Any CPU.ActiveCfg = Debug|Any CPU
		{AB5AFA02-E376-4B0A-8F81-59AFC487A9F7}.Debug|Any CPU.Build.0 = Debug|Any CPU
		{AB5AFA02-E376-4B0A-8F81-59AFC487A9F7}.Release|Any CPU.ActiveCfg = Release|Any CPU
		{AB5AFA02-E376-4B0A-8F81-59AFC487A9F7}.Release|Any CPU.Build.0 = Release|Any CPU
		{0300D5AF-EB47-4CD9-9B6A-62DF97D5D658}.Debug|Any CPU.ActiveCfg = Debug|Any CPU
		{0300D5AF-EB47-4CD9-9B6A-62DF97D5D658}.Debug|Any CPU.Build.0 = Debug|Any CPU
		{0300D5AF-EB47-4CD9-9B6A-62DF97D5D658}.Release|Any CPU.ActiveCfg = Release|Any CPU
		{0300D5AF-EB47-4CD9-9B6A-62DF97D5D658}.Release|Any CPU.Build.0 = Release|Any CPU
		{5A817A0E-1490-4F56-B0D2-96D683BBB9AD}.Debug|Any CPU.ActiveCfg = Debug|Any CPU
		{5A817A0E-1490-4F56-B0D2-96D683BBB9AD}.Debug|Any CPU.Build.0 = Debug|Any CPU
		{5A817A0E-1490-4F56-B0D2-96D683BBB9AD}.Release|Any CPU.ActiveCfg = Release|Any CPU
		{5A817A0E-1490-4F56-B0D2-96D683BBB9AD}.Release|Any CPU.Build.0 = Release|Any CPU
	EndGlobalSection
	GlobalSection(SolutionProperties) = preSolution
		HideSolutionNode = FALSE
	EndGlobalSection
	GlobalSection(ExtensibilityGlobals) = postSolution
		SolutionGuid = {D8D0F117-8FC4-4B98-A0DC-19C7E1EF0E50}
	EndGlobalSection
EndGlobal
