
Microsoft Visual Studio Solution File, Format Version 12.00
Project("{FAE04EC0-301F-11D3-BF4B-00C04F79EFBC}") = "zadanie1.1.1", "zadanie1.1.1\zadanie1.1.1.csproj", "{EF5D76DA-3CA7-4BEF-AA44-921A97155265}"
EndProject
Project("{FAE04EC0-301F-11D3-BF4B-00C04F79EFBC}") = "zadanie1.1.2", "zadanie1.1.2\zadanie1.1.2.csproj", "{614D23A1-FF73-4266-BD5A-D5E0EEE25001}"
EndProject
Project("{FAE04EC0-301F-11D3-BF4B-00C04F79EFBC}") = "zadanie1.1.5", "zadanie1.1.5\zadanie1.1.5.csproj", "{DFE147AE-2BD3-464C-9897-26CAD853A25F}"
EndProject
Global
	GlobalSection(SolutionConfigurationPlatforms) = preSolution
		Debug|Any CPU = Debug|Any CPU
		Release|Any CPU = Release|Any CPU
	EndGlobalSection
	GlobalSection(ProjectConfigurationPlatforms) = postSolution
		{EF5D76DA-3CA7-4BEF-AA44-921A97155265}.Debug|Any CPU.ActiveCfg = Debug|Any CPU
		{EF5D76DA-3CA7-4BEF-AA44-921A97155265}.Debug|Any CPU.Build.0 = Debug|Any CPU
		{EF5D76DA-3CA7-4BEF-AA44-921A97155265}.Release|Any CPU.ActiveCfg = Release|Any CPU
		{EF5D76DA-3CA7-4BEF-AA44-921A97155265}.Release|Any CPU.Build.0 = Release|Any CPU
		{614D23A1-FF73-4266-BD5A-D5E0EEE25001}.Debug|Any CPU.ActiveCfg = Debug|Any CPU
		{614D23A1-FF73-4266-BD5A-D5E0EEE25001}.Debug|Any CPU.Build.0 = Debug|Any CPU
		{614D23A1-FF73-4266-BD5A-D5E0EEE25001}.Release|Any CPU.ActiveCfg = Release|Any CPU
		{614D23A1-FF73-4266-BD5A-D5E0EEE25001}.Release|Any CPU.Build.0 = Release|Any CPU
		{DFE147AE-2BD3-464C-9897-26CAD853A25F}.Debug|Any CPU.ActiveCfg = Debug|Any CPU
		{DFE147AE-2BD3-464C-9897-26CAD853A25F}.Debug|Any CPU.Build.0 = Debug|Any CPU
		{DFE147AE-2BD3-464C-9897-26CAD853A25F}.Release|Any CPU.ActiveCfg = Release|Any CPU
		{DFE147AE-2BD3-464C-9897-26CAD853A25F}.Release|Any CPU.Build.0 = Release|Any CPU
	EndGlobalSection
EndGlobal
